
Microsoft Visual Studio Solution File, Format Version 12.00
# Visual Studio 15
Project("{FAE04EC0-301F-11D3-BF4B-00C04F79EFBC}") = "Assembly-CSharp", "Assembly-CSharp.csproj", "{CB7E7C65-BA92-4117-CD9C-FEF5F7B8D8E6}"
EndProject
Project("{FAE04EC0-301F-11D3-BF4B-00C04F79EFBC}") = "Boxophobic.Utils.Scripts", "Boxophobic.Utils.Scripts.csproj", "{851A1D4A-3F8B-8415-2F59-FDF3C1268EC7}"
EndProject
Project("{FAE04EC0-301F-11D3-BF4B-00C04F79EFBC}") = "Boxophobic.Utils.Editor", "Boxophobic.Utils.Editor.csproj", "{0CE9A403-32A5-6F6A-E7BA-EEF1D0B6A72B}"
EndProject
Project("{FAE04EC0-301F-11D3-BF4B-00C04F79EFBC}") = "Boxophobic.SkyboxCubemapExtended.Editor", "Boxophobic.SkyboxCubemapExtended.Editor.csproj", "{FE329907-1967-42F4-2558-5D09CF9429E7}"
EndProject
Project("{FAE04EC0-301F-11D3-BF4B-00C04F79EFBC}") = "Assembly-CSharp-Editor", "Assembly-CSharp-Editor.csproj", "{1C590535-FCE5-286C-9F57-C94550D4076B}"
EndProject
Global
	GlobalSection(SolutionConfigurationPlatforms) = preSolution
		Debug|Any CPU = Debug|Any CPU
		Release|Any CPU = Release|Any CPU
	EndGlobalSection
	GlobalSection(ProjectConfigurationPlatforms) = postSolution
		{CB7E7C65-BA92-4117-CD9C-FEF5F7B8D8E6}.Debug|Any CPU.ActiveCfg = Debug|Any CPU
		{CB7E7C65-BA92-4117-CD9C-FEF5F7B8D8E6}.Debug|Any CPU.Build.0 = Debug|Any CPU
		{CB7E7C65-BA92-4117-CD9C-FEF5F7B8D8E6}.Release|Any CPU.ActiveCfg = Release|Any CPU
		{CB7E7C65-BA92-4117-CD9C-FEF5F7B8D8E6}.Release|Any CPU.Build.0 = Release|Any CPU
		{851A1D4A-3F8B-8415-2F59-FDF3C1268EC7}.Debug|Any CPU.ActiveCfg = Debug|Any CPU
		{851A1D4A-3F8B-8415-2F59-FDF3C1268EC7}.Debug|Any CPU.Build.0 = Debug|Any CPU
		{851A1D4A-3F8B-8415-2F59-FDF3C1268EC7}.Release|Any CPU.ActiveCfg = Release|Any CPU
		{851A1D4A-3F8B-8415-2F59-FDF3C1268EC7}.Release|Any CPU.Build.0 = Release|Any CPU
		{0CE9A403-32A5-6F6A-E7BA-EEF1D0B6A72B}.Debug|Any CPU.ActiveCfg = Debug|Any CPU
		{0CE9A403-32A5-6F6A-E7BA-EEF1D0B6A72B}.Debug|Any CPU.Build.0 = Debug|Any CPU
		{0CE9A403-32A5-6F6A-E7BA-EEF1D0B6A72B}.Release|Any CPU.ActiveCfg = Release|Any CPU
		{0CE9A403-32A5-6F6A-E7BA-EEF1D0B6A72B}.Release|Any CPU.Build.0 = Release|Any CPU
		{FE329907-1967-42F4-2558-5D09CF9429E7}.Debug|Any CPU.ActiveCfg = Debug|Any CPU
		{FE329907-1967-42F4-2558-5D09CF9429E7}.Debug|Any CPU.Build.0 = Debug|Any CPU
		{FE329907-1967-42F4-2558-5D09CF9429E7}.Release|Any CPU.ActiveCfg = Release|Any CPU
		{FE329907-1967-42F4-2558-5D09CF9429E7}.Release|Any CPU.Build.0 = Release|Any CPU
		{1C590535-FCE5-286C-9F57-C94550D4076B}.Debug|Any CPU.ActiveCfg = Debug|Any CPU
		{1C590535-FCE5-286C-9F57-C94550D4076B}.Debug|Any CPU.Build.0 = Debug|Any CPU
		{1C590535-FCE5-286C-9F57-C94550D4076B}.Release|Any CPU.ActiveCfg = Release|Any CPU
		{1C590535-FCE5-286C-9F57-C94550D4076B}.Release|Any CPU.Build.0 = Release|Any CPU
	EndGlobalSection
	GlobalSection(SolutionProperties) = preSolution
		HideSolutionNode = FALSE
	EndGlobalSection
EndGlobal
